
Microsoft Visual Studio Solution File, Format Version 12.00
# Visual Studio 15
VisualStudioVersion = 15.0.27130.2020
MinimumVisualStudioVersion = 10.0.40219.1
Project("{FAE04EC0-301F-11D3-BF4B-00C04F79EFBC}") = "labka10", "labka10\labka10.csproj", "{8A79F2DF-7D92-45D5-91B2-55D82B5568DD}"
EndProject
Global
	GlobalSection(SolutionConfigurationPlatforms) = preSolution
		Debug|Any CPU = Debug|Any CPU
		Release|Any CPU = Release|Any CPU
	EndGlobalSection
	GlobalSection(ProjectConfigurationPlatforms) = postSolution
		{8A79F2DF-7D92-45D5-91B2-55D82B5568DD}.Debug|Any CPU.ActiveCfg = Debug|Any CPU
		{8A79F2DF-7D92-45D5-91B2-55D82B5568DD}.Debug|Any CPU.Build.0 = Debug|Any CPU
		{8A79F2DF-7D92-45D5-91B2-55D82B5568DD}.Release|Any CPU.ActiveCfg = Release|Any CPU
		{8A79F2DF-7D92-45D5-91B2-55D82B5568DD}.Release|Any CPU.Build.0 = Release|Any CPU
	EndGlobalSection
	GlobalSection(SolutionProperties) = preSolution
		HideSolutionNode = FALSE
	EndGlobalSection
	GlobalSection(ExtensibilityGlobals) = postSolution
		SolutionGuid = {0D9295D5-7C96-4530-A776-079F21837704}
	EndGlobalSection
EndGlobal
